# This file was autogenerated by uv via the following command:
#    uv pip compile requirements-uv.in --python .venv/bin/python -o requirements-uv.lock
iniconfig==2.3.0
    # via pytest
numpy==1.26.4
    # via
    #   -r requirements-uv.in
    #   scipy
packaging==26.3
    # via pytest
pluggy==1.6.0
    # via pytest
pygments==2.21.0
    # via pytest
pytest==8.4.2
    # via -r requirements-uv.in
pyyaml==6.0.3
    # via -r requirements-uv.in
ruff==0.16.7
    # via -r requirements-uv.in
scipy==1.15.3
    # via -r requirements-uv.in
