# This file was autogenerated by uv via the following command:
#    uv pip compile requirements-uv.in --python .venv/bin/python --cache-dir /tmp/dart-calibration-uv-cache -o requirements-uv.lock
altair==6.3.0
    # via streamlit
anyio==4.15.1
    # via
    #   starlette
    #   streamlit
attrs==26.1.0
    # via
    #   jsonschema
    #   referencing
certifi==2026.7.22
    # via requests
charset-normalizer==3.5.1
    # via requests
click==8.5.0
    # via
    #   streamlit
    #   uvicorn
contourpy==1.3.3
    # via matplotlib
cycler==0.12.1
    # via matplotlib
fonttools==4.65.0
    # via matplotlib
h11==0.16.0
    # via uvicorn
httptools==0.8.0
    # via streamlit
idna==3.20
    # via
    #   anyio
    #   requests
iniconfig==2.3.0
    # via pytest
itsdangerous==2.2.0
    # via streamlit
jinja2==3.1.6
    # via
    #   altair
    #   pydeck
jsonschema==4.26.0
    # via altair
jsonschema-specifications==2025.9.1
    # via jsonschema
kiwisolver==1.5.1
    # via matplotlib
markupsafe==3.0.3
    # via jinja2
matplotlib==3.11.2
    # via -r requirements-uv.in
narwhals==2.26.0
    # via
    #   altair
    #   plotly
numpy==1.26.4
    # via
    #   -r requirements-uv.in
    #   contourpy
    #   matplotlib
    #   pandas
    #   pydeck
    #   scipy
    #   streamlit
packaging==26.3
    # via
    #   altair
    #   matplotlib
    #   plotly
    #   pytest
    #   streamlit
pandas==2.3.3
    # via
    #   -r requirements-uv.in
    #   streamlit
pillow==12.3.0
    # via
    #   matplotlib
    #   streamlit
plotly==6.9.0
    # via -r requirements-uv.in
pluggy==1.6.0
    # via pytest
protobuf==7.36.2
    # via streamlit
pyarrow==25.0.1
    # via streamlit
pydeck==0.9.3
    # via streamlit
pygments==2.21.0
    # via pytest
pyparsing==3.3.2
    # via matplotlib
pytest==8.4.2
    # via -r requirements-uv.in
python-dateutil==2.9.0.post0
    # via
    #   matplotlib
    #   pandas
python-multipart==0.0.32
    # via streamlit
pytz==2026.3.post1
    # via pandas
pyyaml==6.0.3
    # via -r requirements-uv.in
referencing==0.37.0
    # via
    #   jsonschema
    #   jsonschema-specifications
requests==2.34.2
    # via streamlit
rpds-py==2026.6.3
    # via
    #   jsonschema
    #   referencing
ruff==0.16.7
    # via -r requirements-uv.in
scipy==1.15.3
    # via -r requirements-uv.in
six==1.17.0
    # via python-dateutil
starlette==1.6.0
    # via streamlit
streamlit==1.64.0
    # via -r requirements-uv.in
toml==0.10.2
    # via streamlit
typing-extensions==4.16.0
    # via
    #   altair
    #   anyio
    #   referencing
    #   starlette
    #   streamlit
tzdata==2026.4
    # via pandas
urllib3==2.8.0
    # via requests
uvicorn==0.53.0
    # via streamlit
watchdog==6.0.0
    # via streamlit
websockets==16.1.1
    # via streamlit
